
Microsoft Visual Studio Solution File, Format Version 12.00
# Visual Studio Version 17
VisualStudioVersion = 17.5.002.0
MinimumVisualStudioVersion = 10.0.40219.1
Project("{9A19103F-16F7-4668-BE54-9A1E7A4F7556}") = "PlayerRegistrationSubscriber", "PlayerRegistrationSubscriber\PlayerRegistrationSubscriber.csproj", "{DF6EEB23-5ACA-421C-9182-6CD9200F7709}"
EndProject
Project("{9A19103F-16F7-4668-BE54-9A1E7A4F7556}") = "PlayerRegistrationPublisher", "PlayerRegistrationPublisher\PlayerRegistrationPublisher.csproj", "{B3F7F658-9C3F-4BFB-B797-236E807F91C3}"
EndProject
Global
	GlobalSection(SolutionConfigurationPlatforms) = preSolution
		Debug|Any CPU = Debug|Any CPU
		Release|Any CPU = Release|Any CPU
	EndGlobalSection
	GlobalSection(ProjectConfigurationPlatforms) = postSolution
		{DF6EEB23-5ACA-421C-9182-6CD9200F7709}.Debug|Any CPU.ActiveCfg = Debug|Any CPU
		{DF6EEB23-5ACA-421C-9182-6CD9200F7709}.Debug|Any CPU.Build.0 = Debug|Any CPU
		{DF6EEB23-5ACA-421C-9182-6CD9200F7709}.Release|Any CPU.ActiveCfg = Release|Any CPU
		{DF6EEB23-5ACA-421C-9182-6CD9200F7709}.Release|Any CPU.Build.0 = Release|Any CPU
		{B3F7F658-9C3F-4BFB-B797-236E807F91C3}.Debug|Any CPU.ActiveCfg = Debug|Any CPU
		{B3F7F658-9C3F-4BFB-B797-236E807F91C3}.Debug|Any CPU.Build.0 = Debug|Any CPU
		{B3F7F658-9C3F-4BFB-B797-236E807F91C3}.Release|Any CPU.ActiveCfg = Release|Any CPU
		{B3F7F658-9C3F-4BFB-B797-236E807F91C3}.Release|Any CPU.Build.0 = Release|Any CPU
	EndGlobalSection
	GlobalSection(SolutionProperties) = preSolution
		HideSolutionNode = FALSE
	EndGlobalSection
	GlobalSection(ExtensibilityGlobals) = postSolution
		SolutionGuid = {8336CDEF-0675-4209-8D03-CB4C32B81A5B}
	EndGlobalSection
EndGlobal
